
Microsoft Visual Studio Solution File, Format Version 12.00
# Visual Studio Version 17
VisualStudioVersion = 17.1.32210.238
MinimumVisualStudioVersion = 10.0.40219.1
Project("{FAE04EC0-301F-11D3-BF4B-00C04F79EFBC}") = "KFinance", "KFinance.csproj", "{719989FC-4865-4C9B-A545-674AA30B82FF}"
EndProject
Global
	GlobalSection(SolutionConfigurationPlatforms) = preSolution
		Debug|Any CPU = Debug|Any CPU
		Release|Any CPU = Release|Any CPU
	EndGlobalSection
	GlobalSection(ProjectConfigurationPlatforms) = postSolution
		{719989FC-4865-4C9B-A545-674AA30B82FF}.Debug|Any CPU.ActiveCfg = Debug|Any CPU
		{719989FC-4865-4C9B-A545-674AA30B82FF}.Debug|Any CPU.Build.0 = Debug|Any CPU
		{719989FC-4865-4C9B-A545-674AA30B82FF}.Release|Any CPU.ActiveCfg = Release|Any CPU
		{719989FC-4865-4C9B-A545-674AA30B82FF}.Release|Any CPU.Build.0 = Release|Any CPU
	EndGlobalSection
	GlobalSection(SolutionProperties) = preSolution
		HideSolutionNode = FALSE
	EndGlobalSection
	GlobalSection(ExtensibilityGlobals) = postSolution
		SolutionGuid = {6FC0DF09-AF00-4085-9C36-977234449D26}
	EndGlobalSection
EndGlobal
